
Microsoft Visual Studio Solution File, Format Version 12.00
# Visual Studio Version 16
VisualStudioVersion = 16.0.30114.105
MinimumVisualStudioVersion = 10.0.40219.1
Project("{FAE04EC0-301F-11D3-BF4B-00C04F79EFBC}") = "BulletinBoard", "BulletinBoard\BulletinBoard.csproj", "{2672411A-F366-438E-AC46-9FBB725415C5}"
EndProject
Project("{FAE04EC0-301F-11D3-BF4B-00C04F79EFBC}") = "BulletinBoard.DAL", "BulletinBoard.DAL\BulletinBoard.DAL.csproj", "{BD068CAE-9A59-4AB3-BE91-EA626DF20A58}"
EndProject
Global
	GlobalSection(SolutionConfigurationPlatforms) = preSolution
		Debug|Any CPU = Debug|Any CPU
		Release|Any CPU = Release|Any CPU
	EndGlobalSection
	GlobalSection(ProjectConfigurationPlatforms) = postSolution
		{2672411A-F366-438E-AC46-9FBB725415C5}.Debug|Any CPU.ActiveCfg = Debug|Any CPU
		{2672411A-F366-438E-AC46-9FBB725415C5}.Debug|Any CPU.Build.0 = Debug|Any CPU
		{2672411A-F366-438E-AC46-9FBB725415C5}.Release|Any CPU.ActiveCfg = Release|Any CPU
		{2672411A-F366-438E-AC46-9FBB725415C5}.Release|Any CPU.Build.0 = Release|Any CPU
		{BD068CAE-9A59-4AB3-BE91-EA626DF20A58}.Debug|Any CPU.ActiveCfg = Debug|Any CPU
		{BD068CAE-9A59-4AB3-BE91-EA626DF20A58}.Debug|Any CPU.Build.0 = Debug|Any CPU
		{BD068CAE-9A59-4AB3-BE91-EA626DF20A58}.Release|Any CPU.ActiveCfg = Release|Any CPU
		{BD068CAE-9A59-4AB3-BE91-EA626DF20A58}.Release|Any CPU.Build.0 = Release|Any CPU
	EndGlobalSection
	GlobalSection(SolutionProperties) = preSolution
		HideSolutionNode = FALSE
	EndGlobalSection
	GlobalSection(ExtensibilityGlobals) = postSolution
		SolutionGuid = {2DB42B5F-C010-43A6-9DA9-09EE60C49BCA}
	EndGlobalSection
EndGlobal
